
Microsoft Visual Studio Solution File, Format Version 12.00
# Visual Studio 15
VisualStudioVersion = 15.0.28307.645
MinimumVisualStudioVersion = 10.0.40219.1
Project("{FAE04EC0-301F-11D3-BF4B-00C04F79EFBC}") = "Turbo_Az", "Turbo_Az\Turbo_Az.csproj", "{B6BFC054-393B-4F75-ACE0-5563B79ECF1D}"
EndProject
Global
	GlobalSection(SolutionConfigurationPlatforms) = preSolution
		Debug|Any CPU = Debug|Any CPU
		Release|Any CPU = Release|Any CPU
	EndGlobalSection
	GlobalSection(ProjectConfigurationPlatforms) = postSolution
		{B6BFC054-393B-4F75-ACE0-5563B79ECF1D}.Debug|Any CPU.ActiveCfg = Debug|Any CPU
		{B6BFC054-393B-4F75-ACE0-5563B79ECF1D}.Debug|Any CPU.Build.0 = Debug|Any CPU
		{B6BFC054-393B-4F75-ACE0-5563B79ECF1D}.Release|Any CPU.ActiveCfg = Release|Any CPU
		{B6BFC054-393B-4F75-ACE0-5563B79ECF1D}.Release|Any CPU.Build.0 = Release|Any CPU
	EndGlobalSection
	GlobalSection(SolutionProperties) = preSolution
		HideSolutionNode = FALSE
	EndGlobalSection
	GlobalSection(ExtensibilityGlobals) = postSolution
		SolutionGuid = {FD881CCA-6061-4EFF-ACA9-AEFB94C0C793}
	EndGlobalSection
EndGlobal
